{
  "nodes": {
    "flake-utils": {
      "inputs": {
        "systems": "systems"
      },
      "locked": {
        "lastModified": 1731533236,
        "narHash": "sha256-l0KFg5HjrsfsO/JpG+r7fRrqm12kzFHyUHqHCVpMMbI=",
        "owner": "numtide",
        "repo": "flake-utils",
        "rev": "11707dc2f618dd54ca8739b309ec4fc024de578b",
        "type": "github"
      },
      "original": {
        "owner": "numtide",
        "repo": "flake-utils",
        "type": "github"
      }
    },
    "nixpkgs": {
      "locked": {
        "lastModified": 1769740369,
        "narHash": "sha256-xKPyJoMoXfXpDM5DFDZDsi9PHArf2k5BJjvReYXoFpM=",
        "owner": "NixOS",
        "repo": "nixpkgs",
        "rev": "6308c3b21396534d8aaeac46179c14c439a89b8a",
        "type": "github"
      },
      "original": {
        "owner": "NixOS",
        "ref": "nixpkgs-unstable",
        "repo": "nixpkgs",
        "type": "github"
      }
    },
    "risc0-nix": {
      "inputs": {
        "flake-utils": [
          "flake-utils"
        ],
        "nixpkgs": [
          "nixpkgs"
        ],
        "risc0-src": "risc0-src",
        "rust-overlay": "rust-overlay"
      },
      "locked": {
        "lastModified": 1767261952,
        "narHash": "sha256-gLzoZgIhvcpyMG+HUe0N90JUgozeF3eb59AazZgVWDM=",
        "owner": "alpenlabs",
        "repo": "risc0.nix",
        "rev": "dca7671aea17a1494b95a3821a06823dbc2c5222",
        "type": "github"
      },
      "original": {
        "owner": "alpenlabs",
        "repo": "risc0.nix",
        "type": "github"
      }
    },
    "risc0-src": {
      "flake": false,
      "locked": {
        "lastModified": 1764096057,
        "narHash": "sha256-tu2FnnLIpBvy4AHVzTMb9Xpo7dVjZ2kgmdaJMlYOmCM=",
        "owner": "risc0",
        "repo": "rust",
        "rev": "30e2186d00badadc7c66ee5e72a38d0b767491b9",
        "type": "github"
      },
      "original": {
        "owner": "risc0",
        "repo": "rust",
        "type": "github"
      }
    },
    "root": {
      "inputs": {
        "flake-utils": "flake-utils",
        "nixpkgs": "nixpkgs",
        "risc0-nix": "risc0-nix",
        "rust-overlay": "rust-overlay_2",
        "sp1-nix": "sp1-nix"
      }
    },
    "rust-overlay": {
      "inputs": {
        "nixpkgs": [
          "risc0-nix",
          "nixpkgs"
        ]
      },
      "locked": {
        "lastModified": 1767149068,
        "narHash": "sha256-TjfAb58Ybz/93e2jP0qD846dj+VqiY7wk+EqsxcZ708=",
        "owner": "oxalica",
        "repo": "rust-overlay",
        "rev": "6d14586a5917a1ec7f045ac97e6d00c68ea5d9f3",
        "type": "github"
      },
      "original": {
        "owner": "oxalica",
        "repo": "rust-overlay",
        "type": "github"
      }
    },
    "rust-overlay_2": {
      "inputs": {
        "nixpkgs": [
          "nixpkgs"
        ]
      },
      "locked": {
        "lastModified": 1769828398,
        "narHash": "sha256-zmnvRUm15QrlKH0V1BZoiT3U+Q+tr+P5Osi8qgtL9fY=",
        "owner": "oxalica",
        "repo": "rust-overlay",
        "rev": "a1d32c90c8a4ea43e9586b7e5894c179d5747425",
        "type": "github"
      },
      "original": {
        "owner": "oxalica",
        "repo": "rust-overlay",
        "type": "github"
      }
    },
    "rust-overlay_3": {
      "inputs": {
        "nixpkgs": [
          "sp1-nix",
          "nixpkgs"
        ]
      },
      "locked": {
        "lastModified": 1767149068,
        "narHash": "sha256-TjfAb58Ybz/93e2jP0qD846dj+VqiY7wk+EqsxcZ708=",
        "owner": "oxalica",
        "repo": "rust-overlay",
        "rev": "6d14586a5917a1ec7f045ac97e6d00c68ea5d9f3",
        "type": "github"
      },
      "original": {
        "owner": "oxalica",
        "repo": "rust-overlay",
        "type": "github"
      }
    },
    "sp1-nix": {
      "inputs": {
        "flake-utils": [
          "flake-utils"
        ],
        "nixpkgs": [
          "nixpkgs"
        ],
        "rust-overlay": "rust-overlay_3",
        "sp1-src": "sp1-src"
      },
      "locked": {
        "lastModified": 1767262766,
        "narHash": "sha256-+1gd5duObGgK/4My/hEA6C0kuR2y4+45Zu+CkUMymrQ=",
        "owner": "alpenlabs",
        "repo": "sp1.nix",
        "rev": "774f21723dd3c3649e2a2bcfd49b5fd4c92b60aa",
        "type": "github"
      },
      "original": {
        "owner": "alpenlabs",
        "repo": "sp1.nix",
        "type": "github"
      }
    },
    "sp1-src": {
      "flake": false,
      "locked": {
        "lastModified": 1765819439,
        "narHash": "sha256-sCQOZmhuMETn08eYtIDO2Vckx/oBclmReoVYYNGEb38=",
        "owner": "succinctlabs",
        "repo": "sp1",
        "rev": "15b274359964f6afada9b7293cdc2864a7177054",
        "type": "github"
      },
      "original": {
        "owner": "succinctlabs",
        "repo": "sp1",
        "type": "github"
      }
    },
    "systems": {
      "locked": {
        "lastModified": 1681028828,
        "narHash": "sha256-Vy1rq5AaRuLzOxct8nz4T6wlgyUR7zLU309k9mBC768=",
        "owner": "nix-systems",
        "repo": "default",
        "rev": "da67096a3b9bf56a91d16901293e51ba5b49a27e",
        "type": "github"
      },
      "original": {
        "owner": "nix-systems",
        "repo": "default",
        "type": "github"
      }
    }
  },
  "root": "root",
  "version": 7
}
